# THIS IS AN AUTOGENERATED FILE. DO NOT EDIT THIS FILE DIRECTLY.
# yarn lockfile v1


"@algolia/autocomplete-core@1.9.3":
  version "1.9.3"
  resolved "https://registry.npmjs.org/@algolia/autocomplete-core/-/autocomplete-core-1.9.3.tgz"
  integrity sha512-009HdfugtGCdC4JdXUbVJClA0q0zh24yyePn+KUGk3rP7j8FEe/m5Yo/z65gn6nP/cM39PxpzqKrL7A6fP6PPw==
  dependencies:
    "@algolia/autocomplete-plugin-algolia-insights" "1.9.3"
    "@algolia/autocomplete-shared" "1.9.3"

"@algolia/autocomplete-plugin-algolia-insights@1.9.3":
  version "1.9.3"
  resolved "https://registry.npmjs.org/@algolia/autocomplete-plugin-algolia-insights/-/autocomplete-plugin-algolia-insights-1.9.3.tgz"
  integrity sha512-a/yTUkcO/Vyy+JffmAnTWbr4/90cLzw+CC3bRbhnULr/EM0fGNvM13oQQ14f2moLMcVDyAx/leczLlAOovhSZg==
  dependencies:
    "@algolia/autocomplete-shared" "1.9.3"

"@algolia/autocomplete-preset-algolia@1.9.3":
  version "1.9.3"
  resolved "https://registry.npmjs.org/@algolia/autocomplete-preset-algolia/-/autocomplete-preset-algolia-1.9.3.tgz"
  integrity sha512-d4qlt6YmrLMYy95n5TB52wtNDr6EgAIPH81dvvvW8UmuWRgxEtY0NJiPwl/h95JtG2vmRM804M0DSwMCNZlzRA==
  dependencies:
    "@algolia/autocomplete-shared" "1.9.3"

"@algolia/autocomplete-shared@1.9.3":
  version "1.9.3"
  resolved "https://registry.npmjs.org/@algolia/autocomplete-shared/-/autocomplete-shared-1.9.3.tgz"
  integrity sha512-Wnm9E4Ye6Rl6sTTqjoymD+l8DjSTHsHboVRYrKgEt8Q7UHm9nYbqhN/i0fhUYA3OAEH7WA8x3jfpnmJm3rKvaQ==

"@algolia/cache-browser-local-storage@4.19.1":
  version "4.19.1"
  resolved "https://registry.npmjs.org/@algolia/cache-browser-local-storage/-/cache-browser-local-storage-4.19.1.tgz"
  integrity sha512-FYAZWcGsFTTaSAwj9Std8UML3Bu8dyWDncM7Ls8g+58UOe4XYdlgzXWbrIgjaguP63pCCbMoExKr61B+ztK3tw==
  dependencies:
    "@algolia/cache-common" "4.19.1"

"@algolia/cache-common@4.19.1":
  version "4.19.1"
  resolved "https://registry.npmjs.org/@algolia/cache-common/-/cache-common-4.19.1.tgz"
  integrity sha512-XGghi3l0qA38HiqdoUY+wvGyBsGvKZ6U3vTiMBT4hArhP3fOGLXpIINgMiiGjTe4FVlTa5a/7Zf2bwlIHfRqqg==

"@algolia/cache-in-memory@4.19.1":
  version "4.19.1"
  resolved "https://registry.npmjs.org/@algolia/cache-in-memory/-/cache-in-memory-4.19.1.tgz"
  integrity sha512-+PDWL+XALGvIginigzu8oU6eWw+o76Z8zHbBovWYcrtWOEtinbl7a7UTt3x3lthv+wNuFr/YD1Gf+B+A9V8n5w==
  dependencies:
    "@algolia/cache-common" "4.19.1"

"@algolia/client-account@4.19.1":
  version "4.19.1"
  resolved "https://registry.npmjs.org/@algolia/client-account/-/client-account-4.19.1.tgz"
  integrity sha512-Oy0ritA2k7AMxQ2JwNpfaEcgXEDgeyKu0V7E7xt/ZJRdXfEpZcwp9TOg4TJHC7Ia62gIeT2Y/ynzsxccPw92GA==
  dependencies:
    "@algolia/client-common" "4.19.1"
    "@algolia/client-search" "4.19.1"
    "@algolia/transporter" "4.19.1"

"@algolia/client-analytics@4.19.1":
  version "4.19.1"
  resolved "https://registry.npmjs.org/@algolia/client-analytics/-/client-analytics-4.19.1.tgz"
  integrity sha512-5QCq2zmgdZLIQhHqwl55ZvKVpLM3DNWjFI4T+bHr3rGu23ew2bLO4YtyxaZeChmDb85jUdPDouDlCumGfk6wOg==
  dependencies:
    "@algolia/client-common" "4.19.1"
    "@algolia/client-search" "4.19.1"
    "@algolia/requester-common" "4.19.1"
    "@algolia/transporter" "4.19.1"

"@algolia/client-common@4.19.1":
  version "4.19.1"
  resolved "https://registry.npmjs.org/@algolia/client-common/-/client-common-4.19.1.tgz"
  integrity sha512-3kAIVqTcPrjfS389KQvKzliC559x+BDRxtWamVJt8IVp7LGnjq+aVAXg4Xogkur1MUrScTZ59/AaUd5EdpyXgA==
  dependencies:
    "@algolia/requester-common" "4.19.1"
    "@algolia/transporter" "4.19.1"

"@algolia/client-personalization@4.19.1":
  version "4.19.1"
  resolved "https://registry.npmjs.org/@algolia/client-personalization/-/client-personalization-4.19.1.tgz"
  integrity sha512-8CWz4/H5FA+krm9HMw2HUQenizC/DxUtsI5oYC0Jxxyce1vsr8cb1aEiSJArQT6IzMynrERif1RVWLac1m36xw==
  dependencies:
    "@algolia/client-common" "4.19.1"
    "@algolia/requester-common" "4.19.1"
    "@algolia/transporter" "4.19.1"

"@algolia/client-search@4.19.1":
  version "4.19.1"
  resolved "https://registry.npmjs.org/@algolia/client-search/-/client-search-4.19.1.tgz"
  integrity sha512-mBecfMFS4N+yK/p0ZbK53vrZbL6OtWMk8YmnOv1i0LXx4pelY8TFhqKoTit3NPVPwoSNN0vdSN9dTu1xr1XOVw==
  dependencies:
    "@algolia/client-common" "4.19.1"
    "@algolia/requester-common" "4.19.1"
    "@algolia/transporter" "4.19.1"

"@algolia/logger-common@4.19.1":
  version "4.19.1"
  resolved "https://registry.npmjs.org/@algolia/logger-common/-/logger-common-4.19.1.tgz"
  integrity sha512-i6pLPZW/+/YXKis8gpmSiNk1lOmYCmRI6+x6d2Qk1OdfvX051nRVdalRbEcVTpSQX6FQAoyeaui0cUfLYW5Elw==

"@algolia/logger-console@4.19.1":
  version "4.19.1"
  resolved "https://registry.npmjs.org/@algolia/logger-console/-/logger-console-4.19.1.tgz"
  integrity sha512-jj72k9GKb9W0c7TyC3cuZtTr0CngLBLmc8trzZlXdfvQiigpUdvTi1KoWIb2ZMcRBG7Tl8hSb81zEY3zI2RlXg==
  dependencies:
    "@algolia/logger-common" "4.19.1"

"@algolia/requester-browser-xhr@4.19.1":
  version "4.19.1"
  resolved "https://registry.npmjs.org/@algolia/requester-browser-xhr/-/requester-browser-xhr-4.19.1.tgz"
  integrity sha512-09K/+t7lptsweRTueHnSnmPqIxbHMowejAkn9XIcJMLdseS3zl8ObnS5GWea86mu3vy4+8H+ZBKkUN82Zsq/zg==
  dependencies:
    "@algolia/requester-common" "4.19.1"

"@algolia/requester-common@4.19.1":
  version "4.19.1"
  resolved "https://registry.npmjs.org/@algolia/requester-common/-/requester-common-4.19.1.tgz"
  integrity sha512-BisRkcWVxrDzF1YPhAckmi2CFYK+jdMT60q10d7z3PX+w6fPPukxHRnZwooiTUrzFe50UBmLItGizWHP5bDzVQ==

"@algolia/requester-node-http@4.19.1":
  version "4.19.1"
  resolved "https://registry.npmjs.org/@algolia/requester-node-http/-/requester-node-http-4.19.1.tgz"
  integrity sha512-6DK52DHviBHTG2BK/Vv2GIlEw7i+vxm7ypZW0Z7vybGCNDeWzADx+/TmxjkES2h15+FZOqVf/Ja677gePsVItA==
  dependencies:
    "@algolia/requester-common" "4.19.1"

"@algolia/transporter@4.19.1":
  version "4.19.1"
  resolved "https://registry.npmjs.org/@algolia/transporter/-/transporter-4.19.1.tgz"
  integrity sha512-nkpvPWbpuzxo1flEYqNIbGz7xhfhGOKGAZS7tzC+TELgEmi7z99qRyTfNSUlW7LZmB3ACdnqAo+9A9KFBENviQ==
  dependencies:
    "@algolia/cache-common" "4.19.1"
    "@algolia/logger-common" "4.19.1"
    "@algolia/requester-common" "4.19.1"

"@docsearch/css@3.5.2":
  version "3.5.2"
  resolved "https://registry.npmjs.org/@docsearch/css/-/css-3.5.2.tgz"
  integrity sha512-SPiDHaWKQZpwR2siD0KQUwlStvIAnEyK6tAE2h2Wuoq8ue9skzhlyVQ1ddzOxX6khULnAALDiR/isSF3bnuciA==

"@docsearch/js@3":
  version "3.5.2"
  resolved "https://registry.npmjs.org/@docsearch/js/-/js-3.5.2.tgz"
  integrity sha512-p1YFTCDflk8ieHgFJYfmyHBki1D61+U9idwrLh+GQQMrBSP3DLGKpy0XUJtPjAOPltcVbqsTjiPFfH7JImjUNg==
  dependencies:
    "@docsearch/react" "3.5.2"
    preact "^10.0.0"

"@docsearch/react@3.5.2":
  version "3.5.2"
  resolved "https://registry.npmjs.org/@docsearch/react/-/react-3.5.2.tgz"
  integrity sha512-9Ahcrs5z2jq/DcAvYtvlqEBHImbm4YJI8M9y0x6Tqg598P40HTEkX7hsMcIuThI+hTFxRGZ9hll0Wygm2yEjng==
  dependencies:
    "@algolia/autocomplete-core" "1.9.3"
    "@algolia/autocomplete-preset-algolia" "1.9.3"
    "@docsearch/css" "3.5.2"
    algoliasearch "^4.19.1"

"@esbuild/aix-ppc64@0.27.3":
  version "0.27.3"
  resolved "https://registry.yarnpkg.com/@esbuild/aix-ppc64/-/aix-ppc64-0.27.3.tgz#815b39267f9bffd3407ea6c376ac32946e24f8d2"
  integrity sha512-9fJMTNFTWZMh5qwrBItuziu834eOCUcEqymSH7pY+zoMVEZg3gcPuBNxH1EvfVYe9h0x/Ptw8KBzv7qxb7l8dg==

"@esbuild/android-arm64@0.27.3":
  version "0.27.3"
  resolved "https://registry.yarnpkg.com/@esbuild/android-arm64/-/android-arm64-0.27.3.tgz#19b882408829ad8e12b10aff2840711b2da361e8"
  integrity sha512-YdghPYUmj/FX2SYKJ0OZxf+iaKgMsKHVPF1MAq/P8WirnSpCStzKJFjOjzsW0QQ7oIAiccHdcqjbHmJxRb/dmg==

"@esbuild/android-arm@0.27.3":
  version "0.27.3"
  resolved "https://registry.yarnpkg.com/@esbuild/android-arm/-/android-arm-0.27.3.tgz#90be58de27915efa27b767fcbdb37a4470627d7b"
  integrity sha512-i5D1hPY7GIQmXlXhs2w8AWHhenb00+GxjxRncS2ZM7YNVGNfaMxgzSGuO8o8SJzRc/oZwU2bcScvVERk03QhzA==

"@esbuild/android-x64@0.27.3":
  version "0.27.3"
  resolved "https://registry.yarnpkg.com/@esbuild/android-x64/-/android-x64-0.27.3.tgz#d7dcc976f16e01a9aaa2f9b938fbec7389f895ac"
  integrity sha512-IN/0BNTkHtk8lkOM8JWAYFg4ORxBkZQf9zXiEOfERX/CzxW3Vg1ewAhU7QSWQpVIzTW+b8Xy+lGzdYXV6UZObQ==

"@esbuild/darwin-arm64@0.27.3":
  version "0.27.3"
  resolved "https://registry.yarnpkg.com/@esbuild/darwin-arm64/-/darwin-arm64-0.27.3.tgz#9f6cac72b3a8532298a6a4493ed639a8988e8abd"
  integrity sha512-Re491k7ByTVRy0t3EKWajdLIr0gz2kKKfzafkth4Q8A5n1xTHrkqZgLLjFEHVD+AXdUGgQMq+Godfq45mGpCKg==

"@esbuild/darwin-x64@0.27.3":
  version "0.27.3"
  resolved "https://registry.yarnpkg.com/@esbuild/darwin-x64/-/darwin-x64-0.27.3.tgz#ac61d645faa37fd650340f1866b0812e1fb14d6a"
  integrity sha512-vHk/hA7/1AckjGzRqi6wbo+jaShzRowYip6rt6q7VYEDX4LEy1pZfDpdxCBnGtl+A5zq8iXDcyuxwtv3hNtHFg==

"@esbuild/freebsd-arm64@0.27.3":
  version "0.27.3"
  resolved "https://registry.yarnpkg.com/@esbuild/freebsd-arm64/-/freebsd-arm64-0.27.3.tgz#b8625689d73cf1830fe58c39051acdc12474ea1b"
  integrity sha512-ipTYM2fjt3kQAYOvo6vcxJx3nBYAzPjgTCk7QEgZG8AUO3ydUhvelmhrbOheMnGOlaSFUoHXB6un+A7q4ygY9w==

"@esbuild/freebsd-x64@0.27.3":
  version "0.27.3"
  resolved "https://registry.yarnpkg.com/@esbuild/freebsd-x64/-/freebsd-x64-0.27.3.tgz#07be7dd3c9d42fe0eccd2ab9f9ded780bc53bead"
  integrity sha512-dDk0X87T7mI6U3K9VjWtHOXqwAMJBNN2r7bejDsc+j03SEjtD9HrOl8gVFByeM0aJksoUuUVU9TBaZa2rgj0oA==

"@esbuild/linux-arm64@0.27.3":
  version "0.27.3"
  resolved "https://registry.yarnpkg.com/@esbuild/linux-arm64/-/linux-arm64-0.27.3.tgz#bf31918fe5c798586460d2b3d6c46ed2c01ca0b6"
  integrity sha512-sZOuFz/xWnZ4KH3YfFrKCf1WyPZHakVzTiqji3WDc0BCl2kBwiJLCXpzLzUBLgmp4veFZdvN5ChW4Eq/8Fc2Fg==

"@esbuild/linux-arm@0.27.3":
  version "0.27.3"
  resolved "https://registry.yarnpkg.com/@esbuild/linux-arm/-/linux-arm-0.27.3.tgz#28493ee46abec1dc3f500223cd9f8d2df08f9d11"
  integrity sha512-s6nPv2QkSupJwLYyfS+gwdirm0ukyTFNl3KTgZEAiJDd+iHZcbTPPcWCcRYH+WlNbwChgH2QkE9NSlNrMT8Gfw==

"@esbuild/linux-ia32@0.27.3":
  version "0.27.3"
  resolved "https://registry.yarnpkg.com/@esbuild/linux-ia32/-/linux-ia32-0.27.3.tgz#750752a8b30b43647402561eea764d0a41d0ee29"
  integrity sha512-yGlQYjdxtLdh0a3jHjuwOrxQjOZYD/C9PfdbgJJF3TIZWnm/tMd/RcNiLngiu4iwcBAOezdnSLAwQDPqTmtTYg==

"@esbuild/linux-loong64@0.27.3":
  version "0.27.3"
  resolved "https://registry.yarnpkg.com/@esbuild/linux-loong64/-/linux-loong64-0.27.3.tgz#a5a92813a04e71198c50f05adfaf18fc1e95b9ed"
  integrity sha512-WO60Sn8ly3gtzhyjATDgieJNet/KqsDlX5nRC5Y3oTFcS1l0KWba+SEa9Ja1GfDqSF1z6hif/SkpQJbL63cgOA==

"@esbuild/linux-mips64el@0.27.3":
  version "0.27.3"
  resolved "https://registry.yarnpkg.com/@esbuild/linux-mips64el/-/linux-mips64el-0.27.3.tgz#deb45d7fd2d2161eadf1fbc593637ed766d50bb1"
  integrity sha512-APsymYA6sGcZ4pD6k+UxbDjOFSvPWyZhjaiPyl/f79xKxwTnrn5QUnXR5prvetuaSMsb4jgeHewIDCIWljrSxw==

"@esbuild/linux-ppc64@0.27.3":
  version "0.27.3"
  resolved "https://registry.yarnpkg.com/@esbuild/linux-ppc64/-/linux-ppc64-0.27.3.tgz#6f39ae0b8c4d3d2d61a65b26df79f6e12a1c3d78"
  integrity sha512-eizBnTeBefojtDb9nSh4vvVQ3V9Qf9Df01PfawPcRzJH4gFSgrObw+LveUyDoKU3kxi5+9RJTCWlj4FjYXVPEA==

"@esbuild/linux-riscv64@0.27.3":
  version "0.27.3"
  resolved "https://registry.yarnpkg.com/@esbuild/linux-riscv64/-/linux-riscv64-0.27.3.tgz#4c5c19c3916612ec8e3915187030b9df0b955c1d"
  integrity sha512-3Emwh0r5wmfm3ssTWRQSyVhbOHvqegUDRd0WhmXKX2mkHJe1SFCMJhagUleMq+Uci34wLSipf8Lagt4LlpRFWQ==

"@esbuild/linux-s390x@0.27.3":
  version "0.27.3"
  resolved "https://registry.yarnpkg.com/@esbuild/linux-s390x/-/linux-s390x-0.27.3.tgz#9ed17b3198fa08ad5ccaa9e74f6c0aff7ad0156d"
  integrity sha512-pBHUx9LzXWBc7MFIEEL0yD/ZVtNgLytvx60gES28GcWMqil8ElCYR4kvbV2BDqsHOvVDRrOxGySBM9Fcv744hw==

"@esbuild/linux-x64@0.27.3":
  version "0.27.3"
  resolved "https://registry.yarnpkg.com/@esbuild/linux-x64/-/linux-x64-0.27.3.tgz#12383dcbf71b7cf6513e58b4b08d95a710bf52a5"
  integrity sha512-Czi8yzXUWIQYAtL/2y6vogER8pvcsOsk5cpwL4Gk5nJqH5UZiVByIY8Eorm5R13gq+DQKYg0+JyQoytLQas4dA==

"@esbuild/netbsd-arm64@0.27.3":
  version "0.27.3"
  resolved "https://registry.yarnpkg.com/@esbuild/netbsd-arm64/-/netbsd-arm64-0.27.3.tgz#dd0cb2fa543205fcd931df44f4786bfcce6df7d7"
  integrity sha512-sDpk0RgmTCR/5HguIZa9n9u+HVKf40fbEUt+iTzSnCaGvY9kFP0YKBWZtJaraonFnqef5SlJ8/TiPAxzyS+UoA==

"@esbuild/netbsd-x64@0.27.3":
  version "0.27.3"
  resolved "https://registry.yarnpkg.com/@esbuild/netbsd-x64/-/netbsd-x64-0.27.3.tgz#028ad1807a8e03e155153b2d025b506c3787354b"
  integrity sha512-P14lFKJl/DdaE00LItAukUdZO5iqNH7+PjoBm+fLQjtxfcfFE20Xf5CrLsmZdq5LFFZzb5JMZ9grUwvtVYzjiA==

"@esbuild/openbsd-arm64@0.27.3":
  version "0.27.3"
  resolved "https://registry.yarnpkg.com/@esbuild/openbsd-arm64/-/openbsd-arm64-0.27.3.tgz#e3c16ff3490c9b59b969fffca87f350ffc0e2af5"
  integrity sha512-AIcMP77AvirGbRl/UZFTq5hjXK+2wC7qFRGoHSDrZ5v5b8DK/GYpXW3CPRL53NkvDqb9D+alBiC/dV0Fb7eJcw==

"@esbuild/openbsd-x64@0.27.3":
  version "0.27.3"
  resolved "https://registry.yarnpkg.com/@esbuild/openbsd-x64/-/openbsd-x64-0.27.3.tgz#c5a4693fcb03d1cbecbf8b422422468dfc0d2a8b"
  integrity sha512-DnW2sRrBzA+YnE70LKqnM3P+z8vehfJWHXECbwBmH/CU51z6FiqTQTHFenPlHmo3a8UgpLyH3PT+87OViOh1AQ==

"@esbuild/openharmony-arm64@0.27.3":
  version "0.27.3"
  resolved "https://registry.yarnpkg.com/@esbuild/openharmony-arm64/-/openharmony-arm64-0.27.3.tgz#082082444f12db564a0775a41e1991c0e125055e"
  integrity sha512-NinAEgr/etERPTsZJ7aEZQvvg/A6IsZG/LgZy+81wON2huV7SrK3e63dU0XhyZP4RKGyTm7aOgmQk0bGp0fy2g==

"@esbuild/sunos-x64@0.27.3":
  version "0.27.3"
  resolved "https://registry.yarnpkg.com/@esbuild/sunos-x64/-/sunos-x64-0.27.3.tgz#5ab036c53f929e8405c4e96e865a424160a1b537"
  integrity sha512-PanZ+nEz+eWoBJ8/f8HKxTTD172SKwdXebZ0ndd953gt1HRBbhMsaNqjTyYLGLPdoWHy4zLU7bDVJztF5f3BHA==

"@esbuild/win32-arm64@0.27.3":
  version "0.27.3"
  resolved "https://registry.yarnpkg.com/@esbuild/win32-arm64/-/win32-arm64-0.27.3.tgz#38de700ef4b960a0045370c171794526e589862e"
  integrity sha512-B2t59lWWYrbRDw/tjiWOuzSsFh1Y/E95ofKz7rIVYSQkUYBjfSgf6oeYPNWHToFRr2zx52JKApIcAS/D5TUBnA==

"@esbuild/win32-ia32@0.27.3":
  version "0.27.3"
  resolved "https://registry.yarnpkg.com/@esbuild/win32-ia32/-/win32-ia32-0.27.3.tgz#451b93dc03ec5d4f38619e6cd64d9f9eff06f55c"
  integrity sha512-QLKSFeXNS8+tHW7tZpMtjlNb7HKau0QDpwm49u0vUp9y1WOF+PEzkU84y9GqYaAVW8aH8f3GcBck26jh54cX4Q==

"@esbuild/win32-x64@0.27.3":
  version "0.27.3"
  resolved "https://registry.yarnpkg.com/@esbuild/win32-x64/-/win32-x64-0.27.3.tgz#0eaf705c941a218a43dba8e09f1df1d6cd2f1f17"
  integrity sha512-4uJGhsxuptu3OcpVAzli+/gWusVGwZZHTlS63hh++ehExkVT8SgiEf7/uC/PclrPPkLhZqGgCTjd0VWLo6xMqA==

"@hotwired/turbo-rails@^8.0.23":
  version "8.0.23"
  resolved "https://registry.npmjs.org/@hotwired/turbo-rails/-/turbo-rails-8.0.23.tgz"
  integrity sha512-iBILwda3qmQC7FYM70+4s6kEQ7Fx9dJ6+yGxjPyrz9a5JDx1+y7OAA5TA7GGVOZJoicMLrKGdFDNorl40X35lw==
  dependencies:
    "@hotwired/turbo" "^8.0.23"
    "@rails/actioncable" ">=7.0"

"@hotwired/turbo@^8.0.23":
  version "8.0.23"
  resolved "https://registry.npmjs.org/@hotwired/turbo/-/turbo-8.0.23.tgz"
  integrity sha512-GZ7cijxEZ6Ig71u7rD6LHaRv/wcE/hNsc+nEfiWOkLNqUgLOwo5MNGWOy5ZV9ZUDSiQx1no7YxjTNnT4O6//cQ==

"@nodelib/fs.scandir@2.1.5":
  version "2.1.5"
  resolved "https://registry.npmjs.org/@nodelib/fs.scandir/-/fs.scandir-2.1.5.tgz"
  integrity sha512-vq24Bq3ym5HEQm2NKCr3yXDwjc7vTsEThRDnkp2DK9p1uqLR+DHurm/NOTo0KG7HYHU7eppKZj3MyqYuMBf62g==
  dependencies:
    "@nodelib/fs.stat" "2.0.5"
    run-parallel "^1.1.9"

"@nodelib/fs.stat@2.0.5", "@nodelib/fs.stat@^2.0.2":
  version "2.0.5"
  resolved "https://registry.npmjs.org/@nodelib/fs.stat/-/fs.stat-2.0.5.tgz"
  integrity sha512-RkhPPp2zrqDAQA/2jNhnztcPAlv64XdhIp7a7454A5ovI7Bukxgt7MX7udwAu3zg1DcpPU0rz3VV1SeaqvY4+A==

"@nodelib/fs.walk@^1.2.3":
  version "1.2.8"
  resolved "https://registry.npmjs.org/@nodelib/fs.walk/-/fs.walk-1.2.8.tgz"
  integrity sha512-oGB+UxlgWcgQkgwo8GcEGwemoTFt3FIO9ababBmaGwXIoBKZ+GTy0pP185beGg7Llih/NSHSV2XAs1lnznocSg==
  dependencies:
    "@nodelib/fs.scandir" "2.1.5"
    fastq "^1.6.0"

"@parcel/watcher-android-arm64@2.5.1":
  version "2.5.1"
  resolved "https://registry.yarnpkg.com/@parcel/watcher-android-arm64/-/watcher-android-arm64-2.5.1.tgz#507f836d7e2042f798c7d07ad19c3546f9848ac1"
  integrity sha512-KF8+j9nNbUN8vzOFDpRMsaKBHZ/mcjEjMToVMJOhTozkDonQFFrRcfdLWn6yWKCmJKmdVxSgHiYvTCef4/qcBA==

"@parcel/watcher-darwin-arm64@2.5.1":
  version "2.5.1"
  resolved "https://registry.npmjs.org/@parcel/watcher-darwin-arm64/-/watcher-darwin-arm64-2.5.1.tgz"
  integrity sha512-eAzPv5osDmZyBhou8PoF4i6RQXAfeKL9tjb3QzYuccXFMQU0ruIc/POh30ePnaOyD1UXdlKguHBmsTs53tVoPw==

"@parcel/watcher-darwin-x64@2.5.1":
  version "2.5.1"
  resolved "https://registry.yarnpkg.com/@parcel/watcher-darwin-x64/-/watcher-darwin-x64-2.5.1.tgz#99f3af3869069ccf774e4ddfccf7e64fd2311ef8"
  integrity sha512-1ZXDthrnNmwv10A0/3AJNZ9JGlzrF82i3gNQcWOzd7nJ8aj+ILyW1MTxVk35Db0u91oD5Nlk9MBiujMlwmeXZg==

"@parcel/watcher-freebsd-x64@2.5.1":
  version "2.5.1"
  resolved "https://registry.yarnpkg.com/@parcel/watcher-freebsd-x64/-/watcher-freebsd-x64-2.5.1.tgz#14d6857741a9f51dfe51d5b08b7c8afdbc73ad9b"
  integrity sha512-SI4eljM7Flp9yPuKi8W0ird8TI/JK6CSxju3NojVI6BjHsTyK7zxA9urjVjEKJ5MBYC+bLmMcbAWlZ+rFkLpJQ==

"@parcel/watcher-linux-arm-glibc@2.5.1":
  version "2.5.1"
  resolved "https://registry.yarnpkg.com/@parcel/watcher-linux-arm-glibc/-/watcher-linux-arm-glibc-2.5.1.tgz#43c3246d6892381db473bb4f663229ad20b609a1"
  integrity sha512-RCdZlEyTs8geyBkkcnPWvtXLY44BCeZKmGYRtSgtwwnHR4dxfHRG3gR99XdMEdQ7KeiDdasJwwvNSF5jKtDwdA==

"@parcel/watcher-linux-arm-musl@2.5.1":
  version "2.5.1"
  resolved "https://registry.yarnpkg.com/@parcel/watcher-linux-arm-musl/-/watcher-linux-arm-musl-2.5.1.tgz#663750f7090bb6278d2210de643eb8a3f780d08e"
  integrity sha512-6E+m/Mm1t1yhB8X412stiKFG3XykmgdIOqhjWj+VL8oHkKABfu/gjFj8DvLrYVHSBNC+/u5PeNrujiSQ1zwd1Q==

"@parcel/watcher-linux-arm64-glibc@2.5.1":
  version "2.5.1"
  resolved "https://registry.yarnpkg.com/@parcel/watcher-linux-arm64-glibc/-/watcher-linux-arm64-glibc-2.5.1.tgz#ba60e1f56977f7e47cd7e31ad65d15fdcbd07e30"
  integrity sha512-LrGp+f02yU3BN9A+DGuY3v3bmnFUggAITBGriZHUREfNEzZh/GO06FF5u2kx8x+GBEUYfyTGamol4j3m9ANe8w==

"@parcel/watcher-linux-arm64-musl@2.5.1":
  version "2.5.1"
  resolved "https://registry.yarnpkg.com/@parcel/watcher-linux-arm64-musl/-/watcher-linux-arm64-musl-2.5.1.tgz#f7fbcdff2f04c526f96eac01f97419a6a99855d2"
  integrity sha512-cFOjABi92pMYRXS7AcQv9/M1YuKRw8SZniCDw0ssQb/noPkRzA+HBDkwmyOJYp5wXcsTrhxO0zq1U11cK9jsFg==

"@parcel/watcher-linux-x64-glibc@2.5.1":
  version "2.5.1"
  resolved "https://registry.yarnpkg.com/@parcel/watcher-linux-x64-glibc/-/watcher-linux-x64-glibc-2.5.1.tgz#4d2ea0f633eb1917d83d483392ce6181b6a92e4e"
  integrity sha512-GcESn8NZySmfwlTsIur+49yDqSny2IhPeZfXunQi48DMugKeZ7uy1FX83pO0X22sHntJ4Ub+9k34XQCX+oHt2A==

"@parcel/watcher-linux-x64-musl@2.5.1":
  version "2.5.1"
  resolved "https://registry.yarnpkg.com/@parcel/watcher-linux-x64-musl/-/watcher-linux-x64-musl-2.5.1.tgz#277b346b05db54f55657301dd77bdf99d63606ee"
  integrity sha512-n0E2EQbatQ3bXhcH2D1XIAANAcTZkQICBPVaxMeaCVBtOpBZpWJuf7LwyWPSBDITb7In8mqQgJ7gH8CILCURXg==

"@parcel/watcher-win32-arm64@2.5.1":
  version "2.5.1"
  resolved "https://registry.yarnpkg.com/@parcel/watcher-win32-arm64/-/watcher-win32-arm64-2.5.1.tgz#7e9e02a26784d47503de1d10e8eab6cceb524243"
  integrity sha512-RFzklRvmc3PkjKjry3hLF9wD7ppR4AKcWNzH7kXR7GUe0Igb3Nz8fyPwtZCSquGrhU5HhUNDr/mKBqj7tqA2Vw==

"@parcel/watcher-win32-ia32@2.5.1":
  version "2.5.1"
  resolved "https://registry.yarnpkg.com/@parcel/watcher-win32-ia32/-/watcher-win32-ia32-2.5.1.tgz#2d0f94fa59a873cdc584bf7f6b1dc628ddf976e6"
  integrity sha512-c2KkcVN+NJmuA7CGlaGD1qJh1cLfDnQsHjE89E60vUEMlqduHGCdCLJCID5geFVM0dOtA3ZiIO8BoEQmzQVfpQ==

"@parcel/watcher-win32-x64@2.5.1":
  version "2.5.1"
  resolved "https://registry.yarnpkg.com/@parcel/watcher-win32-x64/-/watcher-win32-x64-2.5.1.tgz#ae52693259664ba6f2228fa61d7ee44b64ea0947"
  integrity sha512-9lHBdJITeNR++EvSQVUcaZoWupyHfXe1jZvGZ06O/5MflPcuPLtEphScIBL+AiCWBO46tDSHzWyD0uDmmZqsgA==

"@parcel/watcher@^2.4.1":
  version "2.5.1"
  resolved "https://registry.npmjs.org/@parcel/watcher/-/watcher-2.5.1.tgz"
  integrity sha512-dfUnCxiN9H4ap84DvD2ubjw+3vUNpstxa0TneY/Paat8a3R4uQZDLSvWjmznAY/DoahqTHl9V46HF/Zs3F29pg==
  dependencies:
    detect-libc "^1.0.3"
    is-glob "^4.0.3"
    micromatch "^4.0.5"
    node-addon-api "^7.0.0"
  optionalDependencies:
    "@parcel/watcher-android-arm64" "2.5.1"
    "@parcel/watcher-darwin-arm64" "2.5.1"
    "@parcel/watcher-darwin-x64" "2.5.1"
    "@parcel/watcher-freebsd-x64" "2.5.1"
    "@parcel/watcher-linux-arm-glibc" "2.5.1"
    "@parcel/watcher-linux-arm-musl" "2.5.1"
    "@parcel/watcher-linux-arm64-glibc" "2.5.1"
    "@parcel/watcher-linux-arm64-musl" "2.5.1"
    "@parcel/watcher-linux-x64-glibc" "2.5.1"
    "@parcel/watcher-linux-x64-musl" "2.5.1"
    "@parcel/watcher-win32-arm64" "2.5.1"
    "@parcel/watcher-win32-ia32" "2.5.1"
    "@parcel/watcher-win32-x64" "2.5.1"

"@rails/actioncable@>=7.0":
  version "7.0.4"
  resolved "https://registry.npmjs.org/@rails/actioncable/-/actioncable-7.0.4.tgz"
  integrity sha512-tz4oM+Zn9CYsvtyicsa/AwzKZKL+ITHWkhiu7x+xF77clh2b4Rm+s6xnOgY/sGDWoFWZmtKsE95hxBPkgQQNnQ==

"@rollup/rollup-android-arm-eabi@4.57.1":
  version "4.57.1"
  resolved "https://registry.yarnpkg.com/@rollup/rollup-android-arm-eabi/-/rollup-android-arm-eabi-4.57.1.tgz#add5e608d4e7be55bc3ca3d962490b8b1890e088"
  integrity sha512-A6ehUVSiSaaliTxai040ZpZ2zTevHYbvu/lDoeAteHI8QnaosIzm4qwtezfRg1jOYaUmnzLX1AOD6Z+UJjtifg==

"@rollup/rollup-android-arm64@4.57.1":
  version "4.57.1"
  resolved "https://registry.yarnpkg.com/@rollup/rollup-android-arm64/-/rollup-android-arm64-4.57.1.tgz#10bd0382b73592beee6e9800a69401a29da625c4"
  integrity sha512-dQaAddCY9YgkFHZcFNS/606Exo8vcLHwArFZ7vxXq4rigo2bb494/xKMMwRRQW6ug7Js6yXmBZhSBRuBvCCQ3w==

"@rollup/rollup-darwin-arm64@4.57.1":
  version "4.57.1"
  resolved "https://registry.npmjs.org/@rollup/rollup-darwin-arm64/-/rollup-darwin-arm64-4.57.1.tgz"
  integrity sha512-crNPrwJOrRxagUYeMn/DZwqN88SDmwaJ8Cvi/TN1HnWBU7GwknckyosC2gd0IqYRsHDEnXf328o9/HC6OkPgOg==

"@rollup/rollup-darwin-x64@4.57.1":
  version "4.57.1"
  resolved "https://registry.yarnpkg.com/@rollup/rollup-darwin-x64/-/rollup-darwin-x64-4.57.1.tgz#69e741aeb2839d2e8f0da2ce7a33d8bd23632423"
  integrity sha512-Ji8g8ChVbKrhFtig5QBV7iMaJrGtpHelkB3lsaKzadFBe58gmjfGXAOfI5FV0lYMH8wiqsxKQ1C9B0YTRXVy4w==

"@rollup/rollup-freebsd-arm64@4.57.1":
  version "4.57.1"
  resolved "https://registry.yarnpkg.com/@rollup/rollup-freebsd-arm64/-/rollup-freebsd-arm64-4.57.1.tgz#3736c232a999c7bef7131355d83ebdf9651a0839"
  integrity sha512-R+/WwhsjmwodAcz65guCGFRkMb4gKWTcIeLy60JJQbXrJ97BOXHxnkPFrP+YwFlaS0m+uWJTstrUA9o+UchFug==

"@rollup/rollup-freebsd-x64@4.57.1":
  version "4.57.1"
  resolved "https://registry.yarnpkg.com/@rollup/rollup-freebsd-x64/-/rollup-freebsd-x64-4.57.1.tgz#227dcb8f466684070169942bd3998901c9bfc065"
  integrity sha512-IEQTCHeiTOnAUC3IDQdzRAGj3jOAYNr9kBguI7MQAAZK3caezRrg0GxAb6Hchg4lxdZEI5Oq3iov/w/hnFWY9Q==

"@rollup/rollup-linux-arm-gnueabihf@4.57.1":
  version "4.57.1"
  resolved "https://registry.yarnpkg.com/@rollup/rollup-linux-arm-gnueabihf/-/rollup-linux-arm-gnueabihf-4.57.1.tgz#ba004b30df31b724f99ce66e7128248bea17cb0c"
  integrity sha512-F8sWbhZ7tyuEfsmOxwc2giKDQzN3+kuBLPwwZGyVkLlKGdV1nvnNwYD0fKQ8+XS6hp9nY7B+ZeK01EBUE7aHaw==

"@rollup/rollup-linux-arm-musleabihf@4.57.1":
  version "4.57.1"
  resolved "https://registry.yarnpkg.com/@rollup/rollup-linux-arm-musleabihf/-/rollup-linux-arm-musleabihf-4.57.1.tgz#6929f3e07be6b6da5991f63c6b68b3e473d0a65a"
  integrity sha512-rGfNUfn0GIeXtBP1wL5MnzSj98+PZe/AXaGBCRmT0ts80lU5CATYGxXukeTX39XBKsxzFpEeK+Mrp9faXOlmrw==

"@rollup/rollup-linux-arm64-gnu@4.57.1":
  version "4.57.1"
  resolved "https://registry.yarnpkg.com/@rollup/rollup-linux-arm64-gnu/-/rollup-linux-arm64-gnu-4.57.1.tgz#06e89fd4a25d21fe5575d60b6f913c0e65297bfa"
  integrity sha512-MMtej3YHWeg/0klK2Qodf3yrNzz6CGjo2UntLvk2RSPlhzgLvYEB3frRvbEF2wRKh1Z2fDIg9KRPe1fawv7C+g==

"@rollup/rollup-linux-arm64-musl@4.57.1":
  version "4.57.1"
  resolved "https://registry.yarnpkg.com/@rollup/rollup-linux-arm64-musl/-/rollup-linux-arm64-musl-4.57.1.tgz#fddabf395b90990d5194038e6cd8c00156ed8ac0"
  integrity sha512-1a/qhaaOXhqXGpMFMET9VqwZakkljWHLmZOX48R0I/YLbhdxr1m4gtG1Hq7++VhVUmf+L3sTAf9op4JlhQ5u1Q==

"@rollup/rollup-linux-loong64-gnu@4.57.1":
  version "4.57.1"
  resolved "https://registry.yarnpkg.com/@rollup/rollup-linux-loong64-gnu/-/rollup-linux-loong64-gnu-4.57.1.tgz#04c10bb764bbf09a3c1bd90432e92f58d6603c36"
  integrity sha512-QWO6RQTZ/cqYtJMtxhkRkidoNGXc7ERPbZN7dVW5SdURuLeVU7lwKMpo18XdcmpWYd0qsP1bwKPf7DNSUinhvA==

"@rollup/rollup-linux-loong64-musl@4.57.1":
  version "4.57.1"
  resolved "https://registry.yarnpkg.com/@rollup/rollup-linux-loong64-musl/-/rollup-linux-loong64-musl-4.57.1.tgz#f2450361790de80581d8687ea19142d8a4de5c0f"
  integrity sha512-xpObYIf+8gprgWaPP32xiN5RVTi/s5FCR+XMXSKmhfoJjrpRAjCuuqQXyxUa/eJTdAE6eJ+KDKaoEqjZQxh3Gw==

"@rollup/rollup-linux-ppc64-gnu@4.57.1":
  version "4.57.1"
  resolved "https://registry.yarnpkg.com/@rollup/rollup-linux-ppc64-gnu/-/rollup-linux-ppc64-gnu-4.57.1.tgz#0474f4667259e407eee1a6d38e29041b708f6a30"
  integrity sha512-4BrCgrpZo4hvzMDKRqEaW1zeecScDCR+2nZ86ATLhAoJ5FQ+lbHVD3ttKe74/c7tNT9c6F2viwB3ufwp01Oh2w==

"@rollup/rollup-linux-ppc64-musl@4.57.1":
  version "4.57.1"
  resolved "https://registry.yarnpkg.com/@rollup/rollup-linux-ppc64-musl/-/rollup-linux-ppc64-musl-4.57.1.tgz#9f32074819eeb1ddbe51f50ea9dcd61a6745ec33"
  integrity sha512-NOlUuzesGauESAyEYFSe3QTUguL+lvrN1HtwEEsU2rOwdUDeTMJdO5dUYl/2hKf9jWydJrO9OL/XSSf65R5+Xw==

"@rollup/rollup-linux-riscv64-gnu@4.57.1":
  version "4.57.1"
  resolved "https://registry.yarnpkg.com/@rollup/rollup-linux-riscv64-gnu/-/rollup-linux-riscv64-gnu-4.57.1.tgz#3fdb9d4b1e29fb6b6a6da9f15654d42eb77b99b2"
  integrity sha512-ptA88htVp0AwUUqhVghwDIKlvJMD/fmL/wrQj99PRHFRAG6Z5nbWoWG4o81Nt9FT+IuqUQi+L31ZKAFeJ5Is+A==

"@rollup/rollup-linux-riscv64-musl@4.57.1":
  version "4.57.1"
  resolved "https://registry.yarnpkg.com/@rollup/rollup-linux-riscv64-musl/-/rollup-linux-riscv64-musl-4.57.1.tgz#1de780d64e6be0e3e8762035c22e0d8ea68df8ed"
  integrity sha512-S51t7aMMTNdmAMPpBg7OOsTdn4tySRQvklmL3RpDRyknk87+Sp3xaumlatU+ppQ+5raY7sSTcC2beGgvhENfuw==

"@rollup/rollup-linux-s390x-gnu@4.57.1":
  version "4.57.1"
  resolved "https://registry.yarnpkg.com/@rollup/rollup-linux-s390x-gnu/-/rollup-linux-s390x-gnu-4.57.1.tgz#1da022ffd2d9e9f0fd8344ea49e113001fbcac64"
  integrity sha512-Bl00OFnVFkL82FHbEqy3k5CUCKH6OEJL54KCyx2oqsmZnFTR8IoNqBF+mjQVcRCT5sB6yOvK8A37LNm/kPJiZg==

"@rollup/rollup-linux-x64-gnu@4.57.1":
  version "4.57.1"
  resolved "https://registry.yarnpkg.com/@rollup/rollup-linux-x64-gnu/-/rollup-linux-x64-gnu-4.57.1.tgz#78c16eef9520bd10e1ea7a112593bb58e2842622"
  integrity sha512-ABca4ceT4N+Tv/GtotnWAeXZUZuM/9AQyCyKYyKnpk4yoA7QIAuBt6Hkgpw8kActYlew2mvckXkvx0FfoInnLg==

"@rollup/rollup-linux-x64-musl@4.57.1":
  version "4.57.1"
  resolved "https://registry.yarnpkg.com/@rollup/rollup-linux-x64-musl/-/rollup-linux-x64-musl-4.57.1.tgz#a7598591b4d9af96cb3167b50a5bf1e02dfea06c"
  integrity sha512-HFps0JeGtuOR2convgRRkHCekD7j+gdAuXM+/i6kGzQtFhlCtQkpwtNzkNj6QhCDp7DRJ7+qC/1Vg2jt5iSOFw==

"@rollup/rollup-openbsd-x64@4.57.1":
  version "4.57.1"
  resolved "https://registry.yarnpkg.com/@rollup/rollup-openbsd-x64/-/rollup-openbsd-x64-4.57.1.tgz#c51d48c07cd6c466560e5bed934aec688ce02614"
  integrity sha512-H+hXEv9gdVQuDTgnqD+SQffoWoc0Of59AStSzTEj/feWTBAnSfSD3+Dql1ZruJQxmykT/JVY0dE8Ka7z0DH1hw==

"@rollup/rollup-openharmony-arm64@4.57.1":
  version "4.57.1"
  resolved "https://registry.yarnpkg.com/@rollup/rollup-openharmony-arm64/-/rollup-openharmony-arm64-4.57.1.tgz#f09921d0b2a0b60afbf3586d2a7a7f208ba6df17"
  integrity sha512-4wYoDpNg6o/oPximyc/NG+mYUejZrCU2q+2w6YZqrAs2UcNUChIZXjtafAiiZSUc7On8v5NyNj34Kzj/Ltk6dQ==

"@rollup/rollup-win32-arm64-msvc@4.57.1":
  version "4.57.1"
  resolved "https://registry.yarnpkg.com/@rollup/rollup-win32-arm64-msvc/-/rollup-win32-arm64-msvc-4.57.1.tgz#08d491717135376e4a99529821c94ecd433d5b36"
  integrity sha512-O54mtsV/6LW3P8qdTcamQmuC990HDfR71lo44oZMZlXU4tzLrbvTii87Ni9opq60ds0YzuAlEr/GNwuNluZyMQ==

"@rollup/rollup-win32-ia32-msvc@4.57.1":
  version "4.57.1"
  resolved "https://registry.yarnpkg.com/@rollup/rollup-win32-ia32-msvc/-/rollup-win32-ia32-msvc-4.57.1.tgz#b0c12aac1104a8b8f26a5e0098e5facbb3e3964a"
  integrity sha512-P3dLS+IerxCT/7D2q2FYcRdWRl22dNbrbBEtxdWhXrfIMPP9lQhb5h4Du04mdl5Woq05jVCDPCMF7Ub0NAjIew==

"@rollup/rollup-win32-x64-gnu@4.57.1":
  version "4.57.1"
  resolved "https://registry.yarnpkg.com/@rollup/rollup-win32-x64-gnu/-/rollup-win32-x64-gnu-4.57.1.tgz#b9cccef26f5e6fdc013bf3c0911a3c77428509d0"
  integrity sha512-VMBH2eOOaKGtIJYleXsi2B8CPVADrh+TyNxJ4mWPnKfLB/DBUmzW+5m1xUrcwWoMfSLagIRpjUFeW5CO5hyciQ==

"@rollup/rollup-win32-x64-msvc@4.57.1":
  version "4.57.1"
  resolved "https://registry.yarnpkg.com/@rollup/rollup-win32-x64-msvc/-/rollup-win32-x64-msvc-4.57.1.tgz#a03348e7b559c792b6277cc58874b89ef46e1e72"
  integrity sha512-mxRFDdHIWRxg3UfIIAwCm6NzvxG0jDX/wBN6KsQFTvKFqqg9vTrWUE68qEjHt19A5wwx5X5aUi2zuZT7YR0jrA==

"@types/estree@1.0.8":
  version "1.0.8"
  resolved "https://registry.npmjs.org/@types/estree/-/estree-1.0.8.tgz"
  integrity sha512-dWHzHa2WqEXI/O1E9OjrocMTKJl2mSrEolh1Iomrv6U+JuNwaHXsXx9bLu5gG7BUWFIN0skIQJQ/L1rIex4X6w==

algoliasearch@^4.19.1:
  version "4.19.1"
  resolved "https://registry.npmjs.org/algoliasearch/-/algoliasearch-4.19.1.tgz"
  integrity sha512-IJF5b93b2MgAzcE/tuzW0yOPnuUyRgGAtaPv5UUywXM8kzqfdwZTO4sPJBzoGz1eOy6H9uEchsJsBFTELZSu+g==
  dependencies:
    "@algolia/cache-browser-local-storage" "4.19.1"
    "@algolia/cache-common" "4.19.1"
    "@algolia/cache-in-memory" "4.19.1"
    "@algolia/client-account" "4.19.1"
    "@algolia/client-analytics" "4.19.1"
    "@algolia/client-common" "4.19.1"
    "@algolia/client-personalization" "4.19.1"
    "@algolia/client-search" "4.19.1"
    "@algolia/logger-common" "4.19.1"
    "@algolia/logger-console" "4.19.1"
    "@algolia/requester-browser-xhr" "4.19.1"
    "@algolia/requester-common" "4.19.1"
    "@algolia/requester-node-http" "4.19.1"
    "@algolia/transporter" "4.19.1"

braces@^3.0.3:
  version "3.0.3"
  resolved "https://registry.npmjs.org/braces/-/braces-3.0.3.tgz"
  integrity sha512-yQbXgO/OSZVD2IsiLlro+7Hf6Q18EJrKSEsdoMzKePKXct3gvD8oLcOQdIzGupr5Fj+EDe8gO/lxc1BzfMpxvA==
  dependencies:
    fill-range "^7.1.1"

chokidar@^4.0.0:
  version "4.0.3"
  resolved "https://registry.npmjs.org/chokidar/-/chokidar-4.0.3.tgz"
  integrity sha512-Qgzu8kfBvo+cA4962jnP1KkS6Dop5NS6g7R5LFYJr4b8Ub94PPQXUksCw9PvXoeXPRRddRNC5C1JQUR2SMGtnA==
  dependencies:
    readdirp "^4.0.1"

debug@^4.3.4:
  version "4.3.6"
  resolved "https://registry.npmjs.org/debug/-/debug-4.3.6.tgz"
  integrity sha512-O/09Bd4Z1fBrU4VzkhFqVgpPzaGbw6Sm9FEkBT1A/YBXQFGuuSxa1dN2nxgxS34JmKXqYx8CZAwEVoJFImUXIg==
  dependencies:
    ms "2.1.2"

detect-libc@^1.0.3:
  version "1.0.3"
  resolved "https://registry.npmjs.org/detect-libc/-/detect-libc-1.0.3.tgz"
  integrity sha512-pGjwhsmsp4kL2RTz08wcOlGN83otlqHeD/Z5T8GXZB+/YcpQ/dgo+lbU8ZsGxV0HIvqqxo9l7mqYwyYMD9bKDg==

esbuild@^0.27.0:
  version "0.27.3"
  resolved "https://registry.yarnpkg.com/esbuild/-/esbuild-0.27.3.tgz#5859ca8e70a3af956b26895ce4954d7e73bd27a8"
  integrity sha512-8VwMnyGCONIs6cWue2IdpHxHnAjzxnw2Zr7MkVxB2vjmQ2ivqGFb4LEG3SMnv0Gb2F/G/2yA8zUaiL1gywDCCg==
  optionalDependencies:
    "@esbuild/aix-ppc64" "0.27.3"
    "@esbuild/android-arm" "0.27.3"
    "@esbuild/android-arm64" "0.27.3"
    "@esbuild/android-x64" "0.27.3"
    "@esbuild/darwin-arm64" "0.27.3"
    "@esbuild/darwin-x64" "0.27.3"
    "@esbuild/freebsd-arm64" "0.27.3"
    "@esbuild/freebsd-x64" "0.27.3"
    "@esbuild/linux-arm" "0.27.3"
    "@esbuild/linux-arm64" "0.27.3"
    "@esbuild/linux-ia32" "0.27.3"
    "@esbuild/linux-loong64" "0.27.3"
    "@esbuild/linux-mips64el" "0.27.3"
    "@esbuild/linux-ppc64" "0.27.3"
    "@esbuild/linux-riscv64" "0.27.3"
    "@esbuild/linux-s390x" "0.27.3"
    "@esbuild/linux-x64" "0.27.3"
    "@esbuild/netbsd-arm64" "0.27.3"
    "@esbuild/netbsd-x64" "0.27.3"
    "@esbuild/openbsd-arm64" "0.27.3"
    "@esbuild/openbsd-x64" "0.27.3"
    "@esbuild/openharmony-arm64" "0.27.3"
    "@esbuild/sunos-x64" "0.27.3"
    "@esbuild/win32-arm64" "0.27.3"
    "@esbuild/win32-ia32" "0.27.3"
    "@esbuild/win32-x64" "0.27.3"

fast-glob@^3.2.12:
  version "3.3.3"
  resolved "https://registry.yarnpkg.com/fast-glob/-/fast-glob-3.3.3.tgz#d06d585ce8dba90a16b0505c543c3ccfb3aeb818"
  integrity sha512-7MptL8U0cqcFdzIzwOTHoilX9x5BrNqye7Z/LuC7kCMRio1EMSyqRK3BEAUD7sXRq4iT4AzTVuZdhgQ2TCvYLg==
  dependencies:
    "@nodelib/fs.stat" "^2.0.2"
    "@nodelib/fs.walk" "^1.2.3"
    glob-parent "^5.1.2"
    merge2 "^1.3.0"
    micromatch "^4.0.8"

fastq@^1.6.0:
  version "1.17.1"
  resolved "https://registry.npmjs.org/fastq/-/fastq-1.17.1.tgz"
  integrity sha512-sRVD3lWVIXWg6By68ZN7vho9a1pQcN/WBFaAAsDDFzlJjvoGx0P8z7V1t72grFJfJhu3YPZBuu25f7Kaw2jN1w==
  dependencies:
    reusify "^1.0.4"

fdir@^6.5.0:
  version "6.5.0"
  resolved "https://registry.yarnpkg.com/fdir/-/fdir-6.5.0.tgz#ed2ab967a331ade62f18d077dae192684d50d350"
  integrity sha512-tIbYtZbucOs0BRGqPJkshJUYdL+SDH7dVM8gjy+ERp3WAUjLEFJE+02kanyHtwjWOnwrKYBiwAmM0p4kLJAnXg==

fill-range@^7.1.1:
  version "7.1.1"
  resolved "https://registry.npmjs.org/fill-range/-/fill-range-7.1.1.tgz"
  integrity sha512-YsGpe3WHLK8ZYi4tWDg2Jy3ebRz2rXowDxnld4bkQB00cc/1Zw9AWnC0i9ztDJitivtQvaI9KaLyKrc+hBW0yg==
  dependencies:
    to-regex-range "^5.0.1"

fsevents@~2.3.2, fsevents@~2.3.3:
  version "2.3.3"
  resolved "https://registry.npmjs.org/fsevents/-/fsevents-2.3.3.tgz"
  integrity sha512-5xoDfX+fL7faATnagmWPpbFtwh/R77WmMMqqHGS65C3vvB0YHrgF+B1YmZ3441tMj5n63k0212XNoJwzlhffQw==

glob-parent@^5.1.2:
  version "5.1.2"
  resolved "https://registry.npmjs.org/glob-parent/-/glob-parent-5.1.2.tgz"
  integrity sha512-AOIgSQCepiJYwP3ARnGx+5VnTu2HBYdzbGP45eLw1vr3zB3vZLeyed1sC9hnbcOc9/SrMyM5RPQrkGz4aS9Zow==
  dependencies:
    is-glob "^4.0.1"

husky@^8.0.0:
  version "8.0.3"
  resolved "https://registry.npmjs.org/husky/-/husky-8.0.3.tgz"
  integrity sha512-+dQSyqPh4x1hlO1swXBiNb2HzTDN1I2IGLQx1GrBuiqFJfoMrnZWwVmatvSiO+Iz8fBUnf+lekwNo4c2LlXItg==

immutable@^5.0.2:
  version "5.1.4"
  resolved "https://registry.npmjs.org/immutable/-/immutable-5.1.4.tgz"
  integrity sha512-p6u1bG3YSnINT5RQmx/yRZBpenIl30kVxkTLDyHLIMk0gict704Q9n+thfDI7lTRm9vXdDYutVzXhzcThxTnXA==

is-extglob@^2.1.1:
  version "2.1.1"
  resolved "https://registry.npmjs.org/is-extglob/-/is-extglob-2.1.1.tgz"
  integrity sha512-SbKbANkN603Vi4jEZv49LeVJMn4yGwsbzZworEoyEiutsN3nJYdbO36zfhGJ6QEDpOZIFkDtnq5JRxmvl3jsoQ==

is-glob@^4.0.1, is-glob@^4.0.3:
  version "4.0.3"
  resolved "https://registry.npmjs.org/is-glob/-/is-glob-4.0.3.tgz"
  integrity sha512-xelSayHH36ZgE7ZWhli7pW34hNbNl8Ojv5KVmkJD4hBdD3th8Tfk9vYasLM+mXWOZhFkgZfxhLSnrwRr4elSSg==
  dependencies:
    is-extglob "^2.1.1"

is-number@^7.0.0:
  version "7.0.0"
  resolved "https://registry.npmjs.org/is-number/-/is-number-7.0.0.tgz"
  integrity sha512-41Cifkg6e8TylSpdtTpeLVMqvSBEVzTttHvERD741+pnZ8ANv0004MRL43QKPDlK9cGvNp6NZWZUBlbGXYxxng==

merge2@^1.3.0:
  version "1.4.1"
  resolved "https://registry.npmjs.org/merge2/-/merge2-1.4.1.tgz"
  integrity sha512-8q7VEgMJW4J8tcfVPy8g09NcQwZdbwFEqhe/WZkoIzjn/3TGDwtOCYtXGxA3O8tPzpczCCDgv+P2P5y00ZJOOg==

micromatch@^4.0.5, micromatch@^4.0.8:
  version "4.0.8"
  resolved "https://registry.npmjs.org/micromatch/-/micromatch-4.0.8.tgz"
  integrity sha512-PXwfBhYu0hBCPw8Dn0E+WDYb7af3dSLVWKi3HGv84IdF4TyFoC0ysxFd0Goxw7nSv4T/PzEJQxsYsEiFCKo2BA==
  dependencies:
    braces "^3.0.3"
    picomatch "^2.3.1"

ms@2.1.2:
  version "2.1.2"
  resolved "https://registry.npmjs.org/ms/-/ms-2.1.2.tgz"
  integrity sha512-sGkPx+VjMtmA6MX27oA4FBFELFCZZ4S4XqeGOXCv68tT+jb3vk/RyaKWP0PTKyWtmLSM0b+adUTEvbs1PEaH2w==

nanoid@^3.3.11:
  version "3.3.11"
  resolved "https://registry.npmjs.org/nanoid/-/nanoid-3.3.11.tgz"
  integrity sha512-N8SpfPUnUp1bK+PMYW8qSWdl9U+wwNWI4QKxOYDy9JAro3WMX7p2OeVRF9v+347pnakNevPmiHhNmZ2HbFA76w==

node-addon-api@^7.0.0:
  version "7.1.1"
  resolved "https://registry.npmjs.org/node-addon-api/-/node-addon-api-7.1.1.tgz"
  integrity sha512-5m3bsyrjFWE1xf7nz7YXdN4udnVtXK6/Yfgn5qnahL6bCkf2yKt4k3nuTKAtT4r3IG8JNR2ncsIMdZuAzJjHQQ==

picocolors@^1.1.1:
  version "1.1.1"
  resolved "https://registry.npmjs.org/picocolors/-/picocolors-1.1.1.tgz"
  integrity sha512-xceH2snhtb5M9liqDsmEw56le376mTZkEX/jEb/RxNFyegNul7eNslCXP9FDj/Lcu0X8KEyMceP2ntpaHrDEVA==

picomatch@^2.3.1:
  version "2.3.1"
  resolved "https://registry.npmjs.org/picomatch/-/picomatch-2.3.1.tgz"
  integrity sha512-JU3teHTNjmE2VCGFzuY8EXzCDVwEqB2a8fsIvwaStHhAWJEeVd1o1QD80CU6+ZdEXXSLbSsuLwJjkCBWqRQUVA==

picomatch@^4.0.3:
  version "4.0.3"
  resolved "https://registry.yarnpkg.com/picomatch/-/picomatch-4.0.3.tgz#796c76136d1eead715db1e7bad785dedd695a042"
  integrity sha512-5gTmgEY/sqK6gFXLIsQNH19lWb4ebPDLA4SdLP7dsWkIXHWlG66oPuVvXSGFPppYZz8ZDZq0dYYrbHfBCVUb1Q==

postcss@^8.5.6:
  version "8.5.6"
  resolved "https://registry.yarnpkg.com/postcss/-/postcss-8.5.6.tgz#2825006615a619b4f62a9e7426cc120b349a8f3c"
  integrity sha512-3Ybi1tAuwAP9s0r1UQ2J4n5Y0G05bJkpUIO0/bI9MhwmD70S5aTWbXGBwxHrelT+XM1k6dM0pk+SwNkpTRN7Pg==
  dependencies:
    nanoid "^3.3.11"
    picocolors "^1.1.1"
    source-map-js "^1.2.1"

preact@^10.0.0:
  version "10.17.1"
  resolved "https://registry.npmjs.org/preact/-/preact-10.17.1.tgz"
  integrity sha512-X9BODrvQ4Ekwv9GURm9AKAGaomqXmip7NQTZgY7gcNmr7XE83adOMJvd3N42id1tMFU7ojiynRsYnY6/BRFxLA==

prettier@2.8.4:
  version "2.8.4"
  resolved "https://registry.npmjs.org/prettier/-/prettier-2.8.4.tgz"
  integrity sha512-vIS4Rlc2FNh0BySk3Wkd6xmwxB0FpOndW5fisM5H8hsZSxU2VWVB5CWIkIjWvrHjIhxk2g3bfMKM87zNTrZddw==

queue-microtask@^1.2.2:
  version "1.2.3"
  resolved "https://registry.npmjs.org/queue-microtask/-/queue-microtask-1.2.3.tgz"
  integrity sha512-NuaNSa6flKT5JaSYQzJok04JzTL1CA6aGhv5rfLW3PgqA+M2ChpZQnAC8h8i4ZFkBS8X5RqkDBHA7r4hej3K9A==

readdirp@^4.0.1:
  version "4.1.2"
  resolved "https://registry.npmjs.org/readdirp/-/readdirp-4.1.2.tgz"
  integrity sha512-GDhwkLfywWL2s6vEjyhri+eXmfH6j1L7JE27WhqLeYzoh/A3DBaYGEj2H/HFZCn/kMfim73FXxEJTw06WtxQwg==

reusify@^1.0.4:
  version "1.0.4"
  resolved "https://registry.npmjs.org/reusify/-/reusify-1.0.4.tgz"
  integrity sha512-U9nH88a3fc/ekCF1l0/UP1IosiuIjyTh7hBvXVMHYgVcfGvt897Xguj2UOLDeI5BG2m7/uwyaLVT6fbtCwTyzw==

rollup@^4.43.0:
  version "4.57.1"
  resolved "https://registry.yarnpkg.com/rollup/-/rollup-4.57.1.tgz#947f70baca32db2b9c594267fe9150aa316e5a88"
  integrity sha512-oQL6lgK3e2QZeQ7gcgIkS2YZPg5slw37hYufJ3edKlfQSGGm8ICoxswK15ntSzF/a8+h7ekRy7k7oWc3BQ7y8A==
  dependencies:
    "@types/estree" "1.0.8"
  optionalDependencies:
    "@rollup/rollup-android-arm-eabi" "4.57.1"
    "@rollup/rollup-android-arm64" "4.57.1"
    "@rollup/rollup-darwin-arm64" "4.57.1"
    "@rollup/rollup-darwin-x64" "4.57.1"
    "@rollup/rollup-freebsd-arm64" "4.57.1"
    "@rollup/rollup-freebsd-x64" "4.57.1"
    "@rollup/rollup-linux-arm-gnueabihf" "4.57.1"
    "@rollup/rollup-linux-arm-musleabihf" "4.57.1"
    "@rollup/rollup-linux-arm64-gnu" "4.57.1"
    "@rollup/rollup-linux-arm64-musl" "4.57.1"
    "@rollup/rollup-linux-loong64-gnu" "4.57.1"
    "@rollup/rollup-linux-loong64-musl" "4.57.1"
    "@rollup/rollup-linux-ppc64-gnu" "4.57.1"
    "@rollup/rollup-linux-ppc64-musl" "4.57.1"
    "@rollup/rollup-linux-riscv64-gnu" "4.57.1"
    "@rollup/rollup-linux-riscv64-musl" "4.57.1"
    "@rollup/rollup-linux-s390x-gnu" "4.57.1"
    "@rollup/rollup-linux-x64-gnu" "4.57.1"
    "@rollup/rollup-linux-x64-musl" "4.57.1"
    "@rollup/rollup-openbsd-x64" "4.57.1"
    "@rollup/rollup-openharmony-arm64" "4.57.1"
    "@rollup/rollup-win32-arm64-msvc" "4.57.1"
    "@rollup/rollup-win32-ia32-msvc" "4.57.1"
    "@rollup/rollup-win32-x64-gnu" "4.57.1"
    "@rollup/rollup-win32-x64-msvc" "4.57.1"
    fsevents "~2.3.2"

run-parallel@^1.1.9:
  version "1.2.0"
  resolved "https://registry.npmjs.org/run-parallel/-/run-parallel-1.2.0.tgz"
  integrity sha512-5l4VyZR86LZ/lDxZTR6jqL8AFE2S0IFLMP26AbjsLVADxHdhB/c0GUsH+y39UfCi3dzz8OlQuPmnaJOMoDHQBA==
  dependencies:
    queue-microtask "^1.2.2"

sass@^1.66.1:
  version "1.97.3"
  resolved "https://registry.npmjs.org/sass/-/sass-1.97.3.tgz"
  integrity sha512-fDz1zJpd5GycprAbu4Q2PV/RprsRtKC/0z82z0JLgdytmcq0+ujJbJ/09bPGDxCLkKY3Np5cRAOcWiVkLXJURg==
  dependencies:
    chokidar "^4.0.0"
    immutable "^5.0.2"
    source-map-js ">=0.6.2 <2.0.0"
  optionalDependencies:
    "@parcel/watcher" "^2.4.1"

"source-map-js@>=0.6.2 <2.0.0", source-map-js@^1.2.1:
  version "1.2.1"
  resolved "https://registry.npmjs.org/source-map-js/-/source-map-js-1.2.1.tgz"
  integrity sha512-UXWMKhLOwVKb728IUtQPXxfYU+usdybtUrK/8uGE8CQMvrhOpwvzDBwj0QhSL7MQc7vIsISBG8VQ8+IDQxpfQA==

tinyglobby@^0.2.15:
  version "0.2.15"
  resolved "https://registry.yarnpkg.com/tinyglobby/-/tinyglobby-0.2.15.tgz#e228dd1e638cea993d2fdb4fcd2d4602a79951c2"
  integrity sha512-j2Zq4NyQYG5XMST4cbs02Ak8iJUdxRM0XI5QyxXuZOzKOINmWurp3smXu3y5wDcJrptwpSjgXHzIQxR0omXljQ==
  dependencies:
    fdir "^6.5.0"
    picomatch "^4.0.3"

to-regex-range@^5.0.1:
  version "5.0.1"
  resolved "https://registry.npmjs.org/to-regex-range/-/to-regex-range-5.0.1.tgz"
  integrity sha512-65P7iz6X5yEr1cwcgvQxbbIw7Uk3gOy5dIdtZ4rDveLqhrdJP+Li/Hx6tyK0NEb+2GCyneCMJiGqrADCSNk8sQ==
  dependencies:
    is-number "^7.0.0"

vite-plugin-ruby@^3.2.0:
  version "3.2.2"
  resolved "https://registry.yarnpkg.com/vite-plugin-ruby/-/vite-plugin-ruby-3.2.2.tgz#a174bc435b11350cfcb1b976342ca740d0bcaed2"
  integrity sha512-cuHG1MajRWPR8YdfF6lvgsQRnKFEBRwZF//asFbRiI1psacxB5aPlHSvYZYxAu5IflrAa0MdR0HxEq+g98M3iQ==
  dependencies:
    debug "^4.3.4"
    fast-glob "^3.2.12"

vite@^7.3.1:
  version "7.3.1"
  resolved "https://registry.yarnpkg.com/vite/-/vite-7.3.1.tgz#7f6cfe8fb9074138605e822a75d9d30b814d6507"
  integrity sha512-w+N7Hifpc3gRjZ63vYBXA56dvvRlNWRczTdmCBBa+CotUzAPf5b7YMdMR/8CQoeYE5LX3W4wj6RYTgonm1b9DA==
  dependencies:
    esbuild "^0.27.0"
    fdir "^6.5.0"
    picomatch "^4.0.3"
    postcss "^8.5.6"
    rollup "^4.43.0"
    tinyglobby "^0.2.15"
  optionalDependencies:
    fsevents "~2.3.3"
