github.com/algolia/algoliasearch-client-go/v4 v4.37.2 h1:Iqwb/mx9mVKKWKo8qildTAK36RTLIhFNuufqkhBmiHM=
github.com/algolia/algoliasearch-client-go/v4 v4.37.2/go.mod h1:2bHeze2/5+jvT8IYVq8j2NDLr/4R6erGxgud7ESuXww=
github.com/algolia/algoliasearch-client-go/v4 v4.37.3 h1:Osxf6agLbKPacnpr3DWp1zXrTvs5iDiNNtNIOYpEk/o=
github.com/algolia/algoliasearch-client-go/v4 v4.37.3/go.mod h1:2bHeze2/5+jvT8IYVq8j2NDLr/4R6erGxgud7ESuXww=
github.com/algolia/algoliasearch-client-go/v4 v4.39.0 h1:fXhqb2q9ikL8yPSooeh1ngwvzJLihpMTHGlGUKnIOqU=
github.com/algolia/algoliasearch-client-go/v4 v4.39.0/go.mod h1:2bHeze2/5+jvT8IYVq8j2NDLr/4R6erGxgud7ESuXww=
